
Microsoft Visual Studio Solution File, Format Version 12.00
# Visual Studio 15
VisualStudioVersion = 15.0.28307.1000
MinimumVisualStudioVersion = 10.0.40219.1
Project("{8BC9CEB8-8B4A-11D0-8D11-00A0C91BC942}") = "gameclient", "gameclient\gameclient.vcxproj", "{E4BBBA7A-1727-47BC-8F6C-21C4B6651104}"
EndProject
Project("{8BC9CEB8-8B4A-11D0-8D11-00A0C91BC942}") = "gateserver", "gateserver\gateserver.vcxproj", "{4EAD0692-7CD3-4284-9E3A-92F3E8CB5704}"
EndProject
Project("{8BC9CEB8-8B4A-11D0-8D11-00A0C91BC942}") = "proxyserver", "proxyserver\proxyserver.vcxproj", "{EE9E5C34-C3A4-4226-AA1C-D7463ED5D016}"
EndProject
Project("{8BC9CEB8-8B4A-11D0-8D11-00A0C91BC942}") = "gameserver", "gameserver\gameserver.vcxproj", "{E86427CB-E7BC-42A4-BF9E-1C8FB3395C2B}"
EndProject
Project("{8BC9CEB8-8B4A-11D0-8D11-00A0C91BC942}") = "serverclient", "serverclient\serverclient.vcxproj", "{0B598D67-1F5C-4FF4-9256-C2FD85843684}"
EndProject
Project("{8BC9CEB8-8B4A-11D0-8D11-00A0C91BC942}") = "Server", "Server\Server.vcxproj", "{26B62870-7731-46EE-BBCF-2CF8F42E7CCF}"
EndProject
Project("{8BC9CEB8-8B4A-11D0-8D11-00A0C91BC942}") = "Client", "Client\Client.vcxproj", "{C4E159C2-E9ED-48EE-A937-1E677C862664}"
EndProject
Global
	GlobalSection(SolutionConfigurationPlatforms) = preSolution
		Debug|x64 = Debug|x64
		Debug|x86 = Debug|x86
		Release|x64 = Release|x64
		Release|x86 = Release|x86
	EndGlobalSection
	GlobalSection(ProjectConfigurationPlatforms) = postSolution
		{E4BBBA7A-1727-47BC-8F6C-21C4B6651104}.Debug|x64.ActiveCfg = Debug|x64
		{E4BBBA7A-1727-47BC-8F6C-21C4B6651104}.Debug|x64.Build.0 = Debug|x64
		{E4BBBA7A-1727-47BC-8F6C-21C4B6651104}.Debug|x86.ActiveCfg = Debug|Win32
		{E4BBBA7A-1727-47BC-8F6C-21C4B6651104}.Debug|x86.Build.0 = Debug|Win32
		{E4BBBA7A-1727-47BC-8F6C-21C4B6651104}.Release|x64.ActiveCfg = Release|x64
		{E4BBBA7A-1727-47BC-8F6C-21C4B6651104}.Release|x64.Build.0 = Release|x64
		{E4BBBA7A-1727-47BC-8F6C-21C4B6651104}.Release|x86.ActiveCfg = Release|Win32
		{E4BBBA7A-1727-47BC-8F6C-21C4B6651104}.Release|x86.Build.0 = Release|Win32
		{4EAD0692-7CD3-4284-9E3A-92F3E8CB5704}.Debug|x64.ActiveCfg = Debug|x64
		{4EAD0692-7CD3-4284-9E3A-92F3E8CB5704}.Debug|x64.Build.0 = Debug|x64
		{4EAD0692-7CD3-4284-9E3A-92F3E8CB5704}.Debug|x86.ActiveCfg = Debug|Win32
		{4EAD0692-7CD3-4284-9E3A-92F3E8CB5704}.Debug|x86.Build.0 = Debug|Win32
		{4EAD0692-7CD3-4284-9E3A-92F3E8CB5704}.Release|x64.ActiveCfg = Release|x64
		{4EAD0692-7CD3-4284-9E3A-92F3E8CB5704}.Release|x64.Build.0 = Release|x64
		{4EAD0692-7CD3-4284-9E3A-92F3E8CB5704}.Release|x86.ActiveCfg = Release|Win32
		{4EAD0692-7CD3-4284-9E3A-92F3E8CB5704}.Release|x86.Build.0 = Release|Win32
		{EE9E5C34-C3A4-4226-AA1C-D7463ED5D016}.Debug|x64.ActiveCfg = Debug|x64
		{EE9E5C34-C3A4-4226-AA1C-D7463ED5D016}.Debug|x64.Build.0 = Debug|x64
		{EE9E5C34-C3A4-4226-AA1C-D7463ED5D016}.Debug|x86.ActiveCfg = Debug|Win32
		{EE9E5C34-C3A4-4226-AA1C-D7463ED5D016}.Debug|x86.Build.0 = Debug|Win32
		{EE9E5C34-C3A4-4226-AA1C-D7463ED5D016}.Release|x64.ActiveCfg = Release|x64
		{EE9E5C34-C3A4-4226-AA1C-D7463ED5D016}.Release|x64.Build.0 = Release|x64
		{EE9E5C34-C3A4-4226-AA1C-D7463ED5D016}.Release|x86.ActiveCfg = Release|Win32
		{EE9E5C34-C3A4-4226-AA1C-D7463ED5D016}.Release|x86.Build.0 = Release|Win32
		{E86427CB-E7BC-42A4-BF9E-1C8FB3395C2B}.Debug|x64.ActiveCfg = Debug|x64
		{E86427CB-E7BC-42A4-BF9E-1C8FB3395C2B}.Debug|x64.Build.0 = Debug|x64
		{E86427CB-E7BC-42A4-BF9E-1C8FB3395C2B}.Debug|x86.ActiveCfg = Debug|Win32
		{E86427CB-E7BC-42A4-BF9E-1C8FB3395C2B}.Debug|x86.Build.0 = Debug|Win32
		{E86427CB-E7BC-42A4-BF9E-1C8FB3395C2B}.Release|x64.ActiveCfg = Release|x64
		{E86427CB-E7BC-42A4-BF9E-1C8FB3395C2B}.Release|x64.Build.0 = Release|x64
		{E86427CB-E7BC-42A4-BF9E-1C8FB3395C2B}.Release|x86.ActiveCfg = Release|Win32
		{E86427CB-E7BC-42A4-BF9E-1C8FB3395C2B}.Release|x86.Build.0 = Release|Win32
		{0B598D67-1F5C-4FF4-9256-C2FD85843684}.Debug|x64.ActiveCfg = Debug|x64
		{0B598D67-1F5C-4FF4-9256-C2FD85843684}.Debug|x64.Build.0 = Debug|x64
		{0B598D67-1F5C-4FF4-9256-C2FD85843684}.Debug|x86.ActiveCfg = Debug|Win32
		{0B598D67-1F5C-4FF4-9256-C2FD85843684}.Debug|x86.Build.0 = Debug|Win32
		{0B598D67-1F5C-4FF4-9256-C2FD85843684}.Release|x64.ActiveCfg = Release|x64
		{0B598D67-1F5C-4FF4-9256-C2FD85843684}.Release|x64.Build.0 = Release|x64
		{0B598D67-1F5C-4FF4-9256-C2FD85843684}.Release|x86.ActiveCfg = Release|Win32
		{0B598D67-1F5C-4FF4-9256-C2FD85843684}.Release|x86.Build.0 = Release|Win32
		{26B62870-7731-46EE-BBCF-2CF8F42E7CCF}.Debug|x64.ActiveCfg = Debug|x64
		{26B62870-7731-46EE-BBCF-2CF8F42E7CCF}.Debug|x64.Build.0 = Debug|x64
		{26B62870-7731-46EE-BBCF-2CF8F42E7CCF}.Debug|x86.ActiveCfg = Debug|Win32
		{26B62870-7731-46EE-BBCF-2CF8F42E7CCF}.Debug|x86.Build.0 = Debug|Win32
		{26B62870-7731-46EE-BBCF-2CF8F42E7CCF}.Release|x64.ActiveCfg = Release|x64
		{26B62870-7731-46EE-BBCF-2CF8F42E7CCF}.Release|x64.Build.0 = Release|x64
		{26B62870-7731-46EE-BBCF-2CF8F42E7CCF}.Release|x86.ActiveCfg = Release|Win32
		{26B62870-7731-46EE-BBCF-2CF8F42E7CCF}.Release|x86.Build.0 = Release|Win32
		{C4E159C2-E9ED-48EE-A937-1E677C862664}.Debug|x64.ActiveCfg = Debug|x64
		{C4E159C2-E9ED-48EE-A937-1E677C862664}.Debug|x64.Build.0 = Debug|x64
		{C4E159C2-E9ED-48EE-A937-1E677C862664}.Debug|x86.ActiveCfg = Debug|Win32
		{C4E159C2-E9ED-48EE-A937-1E677C862664}.Debug|x86.Build.0 = Debug|Win32
		{C4E159C2-E9ED-48EE-A937-1E677C862664}.Release|x64.ActiveCfg = Release|x64
		{C4E159C2-E9ED-48EE-A937-1E677C862664}.Release|x64.Build.0 = Release|x64
		{C4E159C2-E9ED-48EE-A937-1E677C862664}.Release|x86.ActiveCfg = Release|Win32
		{C4E159C2-E9ED-48EE-A937-1E677C862664}.Release|x86.Build.0 = Release|Win32
	EndGlobalSection
	GlobalSection(SolutionProperties) = preSolution
		HideSolutionNode = FALSE
	EndGlobalSection
	GlobalSection(ExtensibilityGlobals) = postSolution
		SolutionGuid = {0998B279-C2B8-4228-9404-B6FB8E9EC927}
	EndGlobalSection
EndGlobal
